
Microsoft Visual Studio Solution File, Format Version 12.00
# Visual Studio Version 16
VisualStudioVersion = 16.0.32929.386
MinimumVisualStudioVersion = 10.0.40219.1
Project("{FAE04EC0-301F-11D3-BF4B-00C04F79EFBC}") = "AtLastProject", "AtLastProject.csproj", "{F6DB18EB-E608-4685-BF58-E15F80483737}"
EndProject
Global
	GlobalSection(SolutionConfigurationPlatforms) = preSolution
		Debug|Any CPU = Debug|Any CPU
		Release|Any CPU = Release|Any CPU
	EndGlobalSection
	GlobalSection(ProjectConfigurationPlatforms) = postSolution
		{F6DB18EB-E608-4685-BF58-E15F80483737}.Debug|Any CPU.ActiveCfg = Debug|Any CPU
		{F6DB18EB-E608-4685-BF58-E15F80483737}.Debug|Any CPU.Build.0 = Debug|Any CPU
		{F6DB18EB-E608-4685-BF58-E15F80483737}.Release|Any CPU.ActiveCfg = Release|Any CPU
		{F6DB18EB-E608-4685-BF58-E15F80483737}.Release|Any CPU.Build.0 = Release|Any CPU
	EndGlobalSection
	GlobalSection(SolutionProperties) = preSolution
		HideSolutionNode = FALSE
	EndGlobalSection
	GlobalSection(ExtensibilityGlobals) = postSolution
		SolutionGuid = {312C044E-6393-4E42-A0BD-90DB880EB6BC}
	EndGlobalSection
EndGlobal
